// !$*UTF8*$!
{
	archiveVersion = 1;
	classes = {
	};
	objectVersion = 56;
	objects = {

/* Begin PBXBuildFile section */
		2DB9F60D2C830F0C00FB032A /* H4X0R_NewsApp.swift in Sources */ = {isa = PBXBuildFile; fileRef = 2DB9F60C2C830F0C00FB032A /* H4X0R_NewsApp.swift */; };
		2DB9F60F2C830F0C00FB032A /* ContentView.swift in Sources */ = {isa = PBXBuildFile; fileRef = 2DB9F60E2C830F0C00FB032A /* ContentView.swift */; };
		2DB9F6112C830F0D00FB032A /* Assets.xcassets in Resources */ = {isa = PBXBuildFile; fileRef = 2DB9F6102C830F0D00FB032A /* Assets.xcassets */; };
		2DB9F6142C830F0D00FB032A /* Preview Assets.xcassets in Resources */ = {isa = PBXBuildFile; fileRef = 2DB9F6132C830F0D00FB032A /* Preview Assets.xcassets */; };
		2DB9F61E2C830F0D00FB032A /* H4X0R_NewsTests.swift in Sources */ = {isa = PBXBuildFile; fileRef = 2DB9F61D2C830F0D00FB032A /* H4X0R_NewsTests.swift */; };
		2DB9F6282C830F0D00FB032A /* H4X0R_NewsUITests.swift in Sources */ = {isa = PBXBuildFile; fileRef = 2DB9F6272C830F0D00FB032A /* H4X0R_NewsUITests.swift */; };
		2DB9F62A2C830F0D00FB032A /* H4X0R_NewsUITestsLaunchTests.swift in Sources */ = {isa = PBXBuildFile; fileRef = 2DB9F6292C830F0D00FB032A /* H4X0R_NewsUITestsLaunchTests.swift */; };
/* End PBXBuildFile section */

/* Begin PBXContainerItemProxy section */
		2DB9F61A2C830F0D00FB032A /* PBXContainerItemProxy */ = {
			isa = PBXContainerItemProxy;
			containerPortal = 2DB9F6012C830F0B00FB032A /* Project object */;
			proxyType = 1;
			remoteGlobalIDString = 2DB9F6082C830F0C00FB032A;
			remoteInfo = "H4X0R News";
		};
		2DB9F6242C830F0D00FB032A /* PBXContainerItemProxy */ = {
			isa = PBXContainerItemProxy;
			containerPortal = 2DB9F6012C830F0B00FB032A /* Project object */;
			proxyType = 1;
			remoteGlobalIDString = 2DB9F6082C830F0C00FB032A;
			remoteInfo = "H4X0R News";
		};
/* End PBXContainerItemProxy section */

/* Begin PBXFileReference section */
		2DB9F6092C830F0C00FB032A /* H4X0R News.app */ = {isa = PBXFileReference; explicitFileType = wrapper.application; includeInIndex = 0; path = "H4X0R News.app"; sourceTree = BUILT_PRODUCTS_DIR; };
		2DB9F60C2C830F0C00FB032A /* H4X0R_NewsApp.swift */ = {isa = PBXFileReference; lastKnownFileType = sourcecode.swift; path = H4X0R_NewsApp.swift; sourceTree = "<group>"; };
		2DB9F60E2C830F0C00FB032A /* ContentView.swift */ = {isa = PBXFileReference; lastKnownFileType = sourcecode.swift; path = ContentView.swift; sourceTree = "<group>"; };
		2DB9F6102C830F0D00FB032A /* Assets.xcassets */ = {isa = PBXFileReference; lastKnownFileType = folder.assetcatalog; path = Assets.xcassets; sourceTree = "<group>"; };
		2DB9F6132C830F0D00FB032A /* Preview Assets.xcassets */ = {isa = PBXFileReference; lastKnownFileType = folder.assetcatalog; path = "Preview Assets.xcassets"; sourceTree = "<group>"; };
		2DB9F6192C830F0D00FB032A /* H4X0R NewsTests.xctest */ = {isa = PBXFileReference; explicitFileType = wrapper.cfbundle; includeInIndex = 0; path = "H4X0R NewsTests.xctest"; sourceTree = BUILT_PRODUCTS_DIR; };
		2DB9F61D2C830F0D00FB032A /* H4X0R_NewsTests.swift */ = {isa = PBXFileReference; lastKnownFileType = sourcecode.swift; path = H4X0R_NewsTests.swift; sourceTree = "<group>"; };
		2DB9F6232C830F0D00FB032A /* H4X0R NewsUITests.xctest */ = {isa = PBXFileReference; explicitFileType = wrapper.cfbundle; includeInIndex = 0; path = "H4X0R NewsUITests.xctest"; sourceTree = BUILT_PRODUCTS_DIR; };
		2DB9F6272C830F0D00FB032A /* H4X0R_NewsUITests.swift */ = {isa = PBXFileReference; lastKnownFileType = sourcecode.swift; path = H4X0R_NewsUITests.swift; sourceTree = "<group>"; };
		2DB9F6292C830F0D00FB032A /* H4X0R_NewsUITestsLaunchTests.swift */ = {isa = PBXFileReference; lastKnownFileType = sourcecode.swift; path = H4X0R_NewsUITestsLaunchTests.swift; sourceTree = "<group>"; };
/* End PBXFileReference section */

/* Begin PBXFrameworksBuildPhase section */
		2DB9F6062C830F0C00FB032A /* Frameworks */ = {
			isa = PBXFrameworksBuildPhase;
			buildActionMask = 2147483647;
			files = (
			);
			runOnlyForDeploymentPostprocessing = 0;
		};
		2DB9F6162C830F0D00FB032A /* Frameworks */ = {
			isa = PBXFrameworksBuildPhase;
			buildActionMask = 2147483647;
			files = (
			);
			runOnlyForDeploymentPostprocessing = 0;
		};
		2DB9F6202C830F0D00FB032A /* Frameworks */ = {
			isa = PBXFrameworksBuildPhase;
			buildActionMask = 2147483647;
			files = (
			);
			runOnlyForDeploymentPostprocessing = 0;
		};
/* End PBXFrameworksBuildPhase section */

/* Begin PBXGroup section */
		2DB9F6002C830F0B00FB032A = {
			isa = PBXGroup;
			children = (
				2DB9F60B2C830F0C00FB032A /* H4X0R News */,
				2DB9F61C2C830F0D00FB032A /* H4X0R NewsTests */,
				2DB9F6262C830F0D00FB032A /* H4X0R NewsUITests */,
				2DB9F60A2C830F0C00FB032A /* Products */,
			);
			sourceTree = "<group>";
		};
		2DB9F60A2C830F0C00FB032A /* Products */ = {
			isa = PBXGroup;
			children = (
				2DB9F6092C830F0C00FB032A /* H4X0R News.app */,
				2DB9F6192C830F0D00FB032A /* H4X0R NewsTests.xctest */,
				2DB9F6232C830F0D00FB032A /* H4X0R NewsUITests.xctest */,
			);
			name = Products;
			sourceTree = "<group>";
		};
		2DB9F60B2C830F0C00FB032A /* H4X0R News */ = {
			isa = PBXGroup;
			children = (
				2DB9F60C2C830F0C00FB032A /* H4X0R_NewsApp.swift */,
				2DB9F60E2C830F0C00FB032A /* ContentView.swift */,
				2DB9F6102C830F0D00FB032A /* Assets.xcassets */,
				2DB9F6122C830F0D00FB032A /* Preview Content */,
			);
			path = "H4X0R News";
			sourceTree = "<group>";
		};
		2DB9F6122C830F0D00FB032A /* Preview Content */ = {
			isa = PBXGroup;
			children = (
				2DB9F6132C830F0D00FB032A /* Preview Assets.xcassets */,
			);
			path = "Preview Content";
			sourceTree = "<group>";
		};
		2DB9F61C2C830F0D00FB032A /* H4X0R NewsTests */ = {
			isa = PBXGroup;
			children = (
				2DB9F61D2C830F0D00FB032A /* H4X0R_NewsTests.swift */,
			);
			path = "H4X0R NewsTests";
			sourceTree = "<group>";
		};
		2DB9F6262C830F0D00FB032A /* H4X0R NewsUITests */ = {
			isa = PBXGroup;
			children = (
				2DB9F6272C830F0D00FB032A /* H4X0R_NewsUITests.swift */,
				2DB9F6292C830F0D00FB032A /* H4X0R_NewsUITestsLaunchTests.swift */,
			);
			path = "H4X0R NewsUITests";
			sourceTree = "<group>";
		};
/* End PBXGroup section */

/* Begin PBXNativeTarget section */
		2DB9F6082C830F0C00FB032A /* H4X0R News */ = {
			isa = PBXNativeTarget;
			buildConfigurationList = 2DB9F62D2C830F0D00FB032A /* Build configuration list for PBXNativeTarget "H4X0R News" */;
			buildPhases = (
				2DB9F6052C830F0C00FB032A /* Sources */,
				2DB9F6062C830F0C00FB032A /* Frameworks */,
				2DB9F6072C830F0C00FB032A /* Resources */,
			);
			buildRules = (
			);
			dependencies = (
			);
			name = "H4X0R News";
			productName = "H4X0R News";
			productReference = 2DB9F6092C830F0C00FB032A /* H4X0R News.app */;
			productType = "com.apple.product-type.application";
		};
		2DB9F6182C830F0D00FB032A /* H4X0R NewsTests */ = {
			isa = PBXNativeTarget;
			buildConfigurationList = 2DB9F6302C830F0D00FB032A /* Build configuration list for PBXNativeTarget "H4X0R NewsTests" */;
			buildPhases = (
				2DB9F6152C830F0D00FB032A /* Sources */,
				2DB9F6162C830F0D00FB032A /* Frameworks */,
				2DB9F6172C830F0D00FB032A /* Resources */,
			);
			buildRules = (
			);
			dependencies = (
				2DB9F61B2C830F0D00FB032A /* PBXTargetDependency */,
			);
			name = "H4X0R NewsTests";
			productName = "H4X0R NewsTests";
			productReference = 2DB9F6192C830F0D00FB032A /* H4X0R NewsTests.xctest */;
			productType = "com.apple.product-type.bundle.unit-test";
		};
		2DB9F6222C830F0D00FB032A /* H4X0R NewsUITests */ = {
			isa = PBXNativeTarget;
			buildConfigurationList = 2DB9F6332C830F0D00FB032A /* Build configuration list for PBXNativeTarget "H4X0R NewsUITests" */;
			buildPhases = (
				2DB9F61F2C830F0D00FB032A /* Sources */,
				2DB9F6202C830F0D00FB032A /* Frameworks */,
				2DB9F6212C830F0D00FB032A /* Resources */,
			);
			buildRules = (
			);
			dependencies = (
				2DB9F6252C830F0D00FB032A /* PBXTargetDependency */,
			);
			name = "H4X0R NewsUITests";
			productName = "H4X0R NewsUITests";
			productReference = 2DB9F6232C830F0D00FB032A /* H4X0R NewsUITests.xctest */;
			productType = "com.apple.product-type.bundle.ui-testing";
		};
/* End PBXNativeTarget section */

/* Begin PBXProject section */
		2DB9F6012C830F0B00FB032A /* Project object */ = {
			isa = PBXProject;
			attributes = {
				BuildIndependentTargetsInParallel = 1;
				LastSwiftUpdateCheck = 1540;
				LastUpgradeCheck = 1540;
				TargetAttributes = {
					2DB9F6082C830F0C00FB032A = {
						CreatedOnToolsVersion = 15.4;
					};
					2DB9F6182C830F0D00FB032A = {
						CreatedOnToolsVersion = 15.4;
						TestTargetID = 2DB9F6082C830F0C00FB032A;
					};
					2DB9F6222C830F0D00FB032A = {
						CreatedOnToolsVersion = 15.4;
						TestTargetID = 2DB9F6082C830F0C00FB032A;
					};
				};
			};
			buildConfigurationList = 2DB9F6042C830F0B00FB032A /* Build configuration list for PBXProject "H4X0R News" */;
			compatibilityVersion = "Xcode 14.0";
			developmentRegion = en;
			hasScannedForEncodings = 0;
			knownRegions = (
				en,
				Base,
			);
			mainGroup = 2DB9F6002C830F0B00FB032A;
			productRefGroup = 2DB9F60A2C830F0C00FB032A /* Products */;
			projectDirPath = "";
			projectRoot = "";
			targets = (
				2DB9F6082C830F0C00FB032A /* H4X0R News */,
				2DB9F6182C830F0D00FB032A /* H4X0R NewsTests */,
				2DB9F6222C830F0D00FB032A /* H4X0R NewsUITests */,
			);
		};
/* End PBXProject section */

/* Begin PBXResourcesBuildPhase section */
		2DB9F6072C830F0C00FB032A /* Resources */ = {
			isa = PBXResourcesBuildPhase;
			buildActionMask = 2147483647;
			files = (
				2DB9F6142C830F0D00FB032A /* Preview Assets.xcassets in Resources */,
				2DB9F6112C830F0D00FB032A /* Assets.xcassets in Resources */,
			);
			runOnlyForDeploymentPostprocessing = 0;
		};
		2DB9F6172C830F0D00FB032A /* Resources */ = {
			isa = PBXResourcesBuildPhase;
			buildActionMask = 2147483647;
			files = (
			);
			runOnlyForDeploymentPostprocessing = 0;
		};
		2DB9F6212C830F0D00FB032A /* Resources */ = {
			isa = PBXResourcesBuildPhase;
			buildActionMask = 2147483647;
			files = (
			);
			runOnlyForDeploymentPostprocessing = 0;
		};
/* End PBXResourcesBuildPhase section */

/* Begin PBXSourcesBuildPhase section */
		2DB9F6052C830F0C00FB032A /* Sources */ = {
			isa = PBXSourcesBuildPhase;
			buildActionMask = 2147483647;
			files = (
				2DB9F60F2C830F0C00FB032A /* ContentView.swift in Sources */,
				2DB9F60D2C830F0C00FB032A /* H4X0R_NewsApp.swift in Sources */,
			);
			runOnlyForDeploymentPostprocessing = 0;
		};
		2DB9F6152C830F0D00FB032A /* Sources */ = {
			isa = PBXSourcesBuildPhase;
			buildActionMask = 2147483647;
			files = (
				2DB9F61E2C830F0D00FB032A /* H4X0R_NewsTests.swift in Sources */,
			);
			runOnlyForDeploymentPostprocessing = 0;
		};
		2DB9F61F2C830F0D00FB032A /* Sources */ = {
			isa = PBXSourcesBuildPhase;
			buildActionMask = 2147483647;
			files = (
				2DB9F62A2C830F0D00FB032A /* H4X0R_NewsUITestsLaunchTests.swift in Sources */,
				2DB9F6282C830F0D00FB032A /* H4X0R_NewsUITests.swift in Sources */,
			);
			runOnlyForDeploymentPostprocessing = 0;
		};
/* End PBXSourcesBuildPhase section */

/* Begin PBXTargetDependency section */
		2DB9F61B2C830F0D00FB032A /* PBXTargetDependency */ = {
			isa = PBXTargetDependency;
			target = 2DB9F6082C830F0C00FB032A /* H4X0R News */;
			targetProxy = 2DB9F61A2C830F0D00FB032A /* PBXContainerItemProxy */;
		};
		2DB9F6252C830F0D00FB032A /* PBXTargetDependency */ = {
			isa = PBXTargetDependency;
			target = 2DB9F6082C830F0C00FB032A /* H4X0R News */;
			targetProxy = 2DB9F6242C830F0D00FB032A /* PBXContainerItemProxy */;
		};
/* End PBXTargetDependency section */

/* Begin XCBuildConfiguration section */
		2DB9F62B2C830F0D00FB032A /* Debug */ = {
			isa = XCBuildConfiguration;
			buildSettings = {
				ALWAYS_SEARCH_USER_PATHS = NO;
				ASSETCATALOG_COMPILER_GENERATE_SWIFT_ASSET_SYMBOL_EXTENSIONS = YES;
				CLANG_ANALYZER_NONNULL = YES;
				CLANG_ANALYZER_NUMBER_OBJECT_CONVERSION = YES_AGGRESSIVE;
				CLANG_CXX_LANGUAGE_STANDARD = "gnu++20";
				CLANG_ENABLE_MODULES = YES;
				CLANG_ENABLE_OBJC_ARC = YES;
				CLANG_ENABLE_OBJC_WEAK = YES;
				CLANG_WARN_BLOCK_CAPTURE_AUTORELEASING = YES;
				CLANG_WARN_BOOL_CONVERSION = YES;
				CLANG_WARN_COMMA = YES;
				CLANG_WARN_CONSTANT_CONVERSION = YES;
				CLANG_WARN_DEPRECATED_OBJC_IMPLEMENTATIONS = YES;
				CLANG_WARN_DIRECT_OBJC_ISA_USAGE = YES_ERROR;
				CLANG_WARN_DOCUMENTATION_COMMENTS = YES;
				CLANG_WARN_EMPTY_BODY = YES;
				CLANG_WARN_ENUM_CONVERSION = YES;
				CLANG_WARN_INFINITE_RECURSION = YES;
				CLANG_WARN_INT_CONVERSION = YES;
				CLANG_WARN_NON_LITERAL_NULL_CONVERSION = YES;
				CLANG_WARN_OBJC_IMPLICIT_RETAIN_SELF = YES;
				CLANG_WARN_OBJC_LITERAL_CONVERSION = YES;
				CLANG_WARN_OBJC_ROOT_CLASS = YES_ERROR;
				CLANG_WARN_QUOTED_INCLUDE_IN_FRAMEWORK_HEADER = YES;
				CLANG_WARN_RANGE_LOOP_ANALYSIS = YES;
				CLANG_WARN_STRICT_PROTOTYPES = YES;
				CLANG_WARN_SUSPICIOUS_MOVE = YES;
				CLANG_WARN_UNGUARDED_AVAILABILITY = YES_AGGRESSIVE;
				CLANG_WARN_UNREACHABLE_CODE = YES;
				CLANG_WARN__DUPLICATE_METHOD_MATCH = YES;
				COPY_PHASE_STRIP = NO;
				DEBUG_INFORMATION_FORMAT = dwarf;
				ENABLE_STRICT_OBJC_MSGSEND = YES;
				ENABLE_TESTABILITY = YES;
				ENABLE_USER_SCRIPT_SANDBOXING = YES;
				GCC_C_LANGUAGE_STANDARD = gnu17;
				GCC_DYNAMIC_NO_PIC = NO;
				GCC_NO_COMMON_BLOCKS = YES;
				GCC_OPTIMIZATION_LEVEL = 0;
				GCC_PREPROCESSOR_DEFINITIONS = (
					"DEBUG=1",
					"$(inherited)",
				);
				GCC_WARN_64_TO_32_BIT_CONVERSION = YES;
				GCC_WARN_ABOUT_RETURN_TYPE = YES_ERROR;
				GCC_WARN_UNDECLARED_SELECTOR = YES;
				GCC_WARN_UNINITIALIZED_AUTOS = YES_AGGRESSIVE;
				GCC_WARN_UNUSED_FUNCTION = YES;
				GCC_WARN_UNUSED_VARIABLE = YES;
				IPHONEOS_DEPLOYMENT_TARGET = 17.5;
				LOCALIZATION_PREFERS_STRING_CATALOGS = YES;
				MTL_ENABLE_DEBUG_INFO = INCLUDE_SOURCE;
				MTL_FAST_MATH = YES;
				ONLY_ACTIVE_ARCH = YES;
				SDKROOT = iphoneos;
				SWIFT_ACTIVE_COMPILATION_CONDITIONS = "DEBUG $(inherited)";
				SWIFT_OPTIMIZATION_LEVEL = "-Onone";
			};
			name = Debug;
		};
		2DB9F62C2C830F0D00FB032A /* Release */ = {
			isa = XCBuildConfiguration;
			buildSettings = {
				ALWAYS_SEARCH_USER_PATHS = NO;
				ASSETCATALOG_COMPILER_GENERATE_SWIFT_ASSET_SYMBOL_EXTENSIONS = YES;
				CLANG_ANALYZER_NONNULL = YES;
				CLANG_ANALYZER_NUMBER_OBJECT_CONVERSION = YES_AGGRESSIVE;
				CLANG_CXX_LANGUAGE_STANDARD = "gnu++20";
				CLANG_ENABLE_MODULES = YES;
				CLANG_ENABLE_OBJC_ARC = YES;
				CLANG_ENABLE_OBJC_WEAK = YES;
				CLANG_WARN_BLOCK_CAPTURE_AUTORELEASING = YES;
				CLANG_WARN_BOOL_CONVERSION = YES;
				CLANG_WARN_COMMA = YES;
				CLANG_WARN_CONSTANT_CONVERSION = YES;
				CLANG_WARN_DEPRECATED_OBJC_IMPLEMENTATIONS = YES;
				CLANG_WARN_DIRECT_OBJC_ISA_USAGE = YES_ERROR;
				CLANG_WARN_DOCUMENTATION_COMMENTS = YES;
				CLANG_WARN_EMPTY_BODY = YES;
				CLANG_WARN_ENUM_CONVERSION = YES;
				CLANG_WARN_INFINITE_RECURSION = YES;
				CLANG_WARN_INT_CONVERSION = YES;
				CLANG_WARN_NON_LITERAL_NULL_CONVERSION = YES;
				CLANG_WARN_OBJC_IMPLICIT_RETAIN_SELF = YES;
				CLANG_WARN_OBJC_LITERAL_CONVERSION = YES;
				CLANG_WARN_OBJC_ROOT_CLASS = YES_ERROR;
				CLANG_WARN_QUOTED_INCLUDE_IN_FRAMEWORK_HEADER = YES;
				CLANG_WARN_RANGE_LOOP_ANALYSIS = YES;
				CLANG_WARN_STRICT_PROTOTYPES = YES;
				CLANG_WARN_SUSPICIOUS_MOVE = YES;
				CLANG_WARN_UNGUARDED_AVAILABILITY = YES_AGGRESSIVE;
				CLANG_WARN_UNREACHABLE_CODE = YES;
				CLANG_WARN__DUPLICATE_METHOD_MATCH = YES;
				COPY_PHASE_STRIP = NO;
				DEBUG_INFORMATION_FORMAT = "dwarf-with-dsym";
				ENABLE_NS_ASSERTIONS = NO;
				ENABLE_STRICT_OBJC_MSGSEND = YES;
				ENABLE_USER_SCRIPT_SANDBOXING = YES;
				GCC_C_LANGUAGE_STANDARD = gnu17;
				GCC_NO_COMMON_BLOCKS = YES;
				GCC_WARN_64_TO_32_BIT_CONVERSION = YES;
				GCC_WARN_ABOUT_RETURN_TYPE = YES_ERROR;
				GCC_WARN_UNDECLARED_SELECTOR = YES;
				GCC_WARN_UNINITIALIZED_AUTOS = YES_AGGRESSIVE;
				GCC_WARN_UNUSED_FUNCTION = YES;
				GCC_WARN_UNUSED_VARIABLE = YES;
				IPHONEOS_DEPLOYMENT_TARGET = 17.5;
				LOCALIZATION_PREFERS_STRING_CATALOGS = YES;
				MTL_ENABLE_DEBUG_INFO = NO;
				MTL_FAST_MATH = YES;
				SDKROOT = iphoneos;
				SWIFT_COMPILATION_MODE = wholemodule;
				VALIDATE_PRODUCT = YES;
			};
			name = Release;
		};
		2DB9F62E2C830F0D00FB032A /* Debug */ = {
			isa = XCBuildConfiguration;
			buildSettings = {
				ASSETCATALOG_COMPILER_APPICON_NAME = AppIcon;
				ASSETCATALOG_COMPILER_GLOBAL_ACCENT_COLOR_NAME = AccentColor;
				CODE_SIGN_STYLE = Automatic;
				CURRENT_PROJECT_VERSION = 1;
				DEVELOPMENT_ASSET_PATHS = "\"H4X0R News/Preview Content\"";
				ENABLE_PREVIEWS = YES;
				GENERATE_INFOPLIST_FILE = YES;
				INFOPLIST_KEY_UIApplicationSceneManifest_Generation = YES;
				INFOPLIST_KEY_UIApplicationSupportsIndirectInputEvents = YES;
				INFOPLIST_KEY_UILaunchScreen_Generation = YES;
				INFOPLIST_KEY_UISupportedInterfaceOrientations_iPad = "UIInterfaceOrientationPortrait UIInterfaceOrientationPortraitUpsideDown UIInterfaceOrientationLandscapeLeft UIInterfaceOrientationLandscapeRight";
				INFOPLIST_KEY_UISupportedInterfaceOrientations_iPhone = "UIInterfaceOrientationPortrait UIInterfaceOrientationLandscapeLeft UIInterfaceOrientationLandscapeRight";
				LD_RUNPATH_SEARCH_PATHS = (
					"$(inherited)",
					"@executable_path/Frameworks",
				);
				MARKETING_VERSION = 1.0;
				PRODUCT_BUNDLE_IDENTIFIER = "com.xt.H4X0R-News";
				PRODUCT_NAME = "$(TARGET_NAME)";
				SWIFT_EMIT_LOC_STRINGS = YES;
				SWIFT_VERSION = 5.0;
				TARGETED_DEVICE_FAMILY = "1,2";
			};
			name = Debug;
		};
		2DB9F62F2C830F0D00FB032A /* Release */ = {
			isa = XCBuildConfiguration;
			buildSettings = {
				ASSETCATALOG_COMPILER_APPICON_NAME = AppIcon;
				ASSETCATALOG_COMPILER_GLOBAL_ACCENT_COLOR_NAME = AccentColor;
				CODE_SIGN_STYLE = Automatic;
				CURRENT_PROJECT_VERSION = 1;
				DEVELOPMENT_ASSET_PATHS = "\"H4X0R News/Preview Content\"";
				ENABLE_PREVIEWS = YES;
				GENERATE_INFOPLIST_FILE = YES;
				INFOPLIST_KEY_UIApplicationSceneManifest_Generation = YES;
				INFOPLIST_KEY_UIApplicationSupportsIndirectInputEvents = YES;
				INFOPLIST_KEY_UILaunchScreen_Generation = YES;
				INFOPLIST_KEY_UISupportedInterfaceOrientations_iPad = "UIInterfaceOrientationPortrait UIInterfaceOrientationPortraitUpsideDown UIInterfaceOrientationLandscapeLeft UIInterfaceOrientationLandscapeRight";
				INFOPLIST_KEY_UISupportedInterfaceOrientations_iPhone = "UIInterfaceOrientationPortrait UIInterfaceOrientationLandscapeLeft UIInterfaceOrientationLandscapeRight";
				LD_RUNPATH_SEARCH_PATHS = (
					"$(inherited)",
					"@executable_path/Frameworks",
				);
				MARKETING_VERSION = 1.0;
				PRODUCT_BUNDLE_IDENTIFIER = "com.xt.H4X0R-News";
				PRODUCT_NAME = "$(TARGET_NAME)";
				SWIFT_EMIT_LOC_STRINGS = YES;
				SWIFT_VERSION = 5.0;
				TARGETED_DEVICE_FAMILY = "1,2";
			};
			name = Release;
		};
		2DB9F6312C830F0D00FB032A /* Debug */ = {
			isa = XCBuildConfiguration;
			buildSettings = {
				ALWAYS_EMBED_SWIFT_STANDARD_LIBRARIES = YES;
				BUNDLE_LOADER = "$(TEST_HOST)";
				CODE_SIGN_STYLE = Automatic;
				CURRENT_PROJECT_VERSION = 1;
				GENERATE_INFOPLIST_FILE = YES;
				IPHONEOS_DEPLOYMENT_TARGET = 17.5;
				MARKETING_VERSION = 1.0;
				PRODUCT_BUNDLE_IDENTIFIER = "com.xt.H4X0R-NewsTests";
				PRODUCT_NAME = "$(TARGET_NAME)";
				SWIFT_EMIT_LOC_STRINGS = NO;
				SWIFT_VERSION = 5.0;
				TARGETED_DEVICE_FAMILY = "1,2";
				TEST_HOST = "$(BUILT_PRODUCTS_DIR)/H4X0R News.app/$(BUNDLE_EXECUTABLE_FOLDER_PATH)/H4X0R News";
			};
			name = Debug;
		};
		2DB9F6322C830F0D00FB032A /* Release */ = {
			isa = XCBuildConfiguration;
			buildSettings = {
				ALWAYS_EMBED_SWIFT_STANDARD_LIBRARIES = YES;
				BUNDLE_LOADER = "$(TEST_HOST)";
				CODE_SIGN_STYLE = Automatic;
				CURRENT_PROJECT_VERSION = 1;
				GENERATE_INFOPLIST_FILE = YES;
				IPHONEOS_DEPLOYMENT_TARGET = 17.5;
				MARKETING_VERSION = 1.0;
				PRODUCT_BUNDLE_IDENTIFIER = "com.xt.H4X0R-NewsTests";
				PRODUCT_NAME = "$(TARGET_NAME)";
				SWIFT_EMIT_LOC_STRINGS = NO;
				SWIFT_VERSION = 5.0;
				TARGETED_DEVICE_FAMILY = "1,2";
				TEST_HOST = "$(BUILT_PRODUCTS_DIR)/H4X0R News.app/$(BUNDLE_EXECUTABLE_FOLDER_PATH)/H4X0R News";
			};
			name = Release;
		};
		2DB9F6342C830F0D00FB032A /* Debug */ = {
			isa = XCBuildConfiguration;
			buildSettings = {
				ALWAYS_EMBED_SWIFT_STANDARD_LIBRARIES = YES;
				CODE_SIGN_STYLE = Automatic;
				CURRENT_PROJECT_VERSION = 1;
				GENERATE_INFOPLIST_FILE = YES;
				MARKETING_VERSION = 1.0;
				PRODUCT_BUNDLE_IDENTIFIER = "com.xt.H4X0R-NewsUITests";
				PRODUCT_NAME = "$(TARGET_NAME)";
				SWIFT_EMIT_LOC_STRINGS = NO;
				SWIFT_VERSION = 5.0;
				TARGETED_DEVICE_FAMILY = "1,2";
				TEST_TARGET_NAME = "H4X0R News";
			};
			name = Debug;
		};
		2DB9F6352C830F0D00FB032A /* Release */ = {
			isa = XCBuildConfiguration;
			buildSettings = {
				ALWAYS_EMBED_SWIFT_STANDARD_LIBRARIES = YES;
				CODE_SIGN_STYLE = Automatic;
				CURRENT_PROJECT_VERSION = 1;
				GENERATE_INFOPLIST_FILE = YES;
				MARKETING_VERSION = 1.0;
				PRODUCT_BUNDLE_IDENTIFIER = "com.xt.H4X0R-NewsUITests";
				PRODUCT_NAME = "$(TARGET_NAME)";
				SWIFT_EMIT_LOC_STRINGS = NO;
				SWIFT_VERSION = 5.0;
				TARGETED_DEVICE_FAMILY = "1,2";
				TEST_TARGET_NAME = "H4X0R News";
			};
			name = Release;
		};
/* End XCBuildConfiguration section */

/* Begin XCConfigurationList section */
		2DB9F6042C830F0B00FB032A /* Build configuration list for PBXProject "H4X0R News" */ = {
			isa = XCConfigurationList;
			buildConfigurations = (
				2DB9F62B2C830F0D00FB032A /* Debug */,
				2DB9F62C2C830F0D00FB032A /* Release */,
			);
			defaultConfigurationIsVisible = 0;
			defaultConfigurationName = Release;
		};
		2DB9F62D2C830F0D00FB032A /* Build configuration list for PBXNativeTarget "H4X0R News" */ = {
			isa = XCConfigurationList;
			buildConfigurations = (
				2DB9F62E2C830F0D00FB032A /* Debug */,
				2DB9F62F2C830F0D00FB032A /* Release */,
			);
			defaultConfigurationIsVisible = 0;
			defaultConfigurationName = Release;
		};
		2DB9F6302C830F0D00FB032A /* Build configuration list for PBXNativeTarget "H4X0R NewsTests" */ = {
			isa = XCConfigurationList;
			buildConfigurations = (
				2DB9F6312C830F0D00FB032A /* Debug */,
				2DB9F6322C830F0D00FB032A /* Release */,
			);
			defaultConfigurationIsVisible = 0;
			defaultConfigurationName = Release;
		};
		2DB9F6332C830F0D00FB032A /* Build configuration list for PBXNativeTarget "H4X0R NewsUITests" */ = {
			isa = XCConfigurationList;
			buildConfigurations = (
				2DB9F6342C830F0D00FB032A /* Debug */,
				2DB9F6352C830F0D00FB032A /* Release */,
			);
			defaultConfigurationIsVisible = 0;
			defaultConfigurationName = Release;
		};
/* End XCConfigurationList section */
	};
	rootObject = 2DB9F6012C830F0B00FB032A /* Project object */;
}
